lockfileVersion: '9.0'

settings:
  autoInstallPeers: true
  excludeLinksFromLockfile: false

importers:

  .:
    devDependencies:
      '@types/node':
        specifier: ^26.1.1
        version: 26.1.1
      typescript:
        specifier: ^5.5.0
        version: 5.9.3

  apps/registry-api:
    dependencies:
      '@nazare/core':
        specifier: workspace:*
        version: link:../../packages/core
      '@nazare/registry':
        specifier: workspace:*
        version: link:../../packages/registry
      postgres:
        specifier: ^3.4.5
        version: 3.4.9

  packages/cli-client:
    dependencies:
      '@nazare/compiler':
        specifier: workspace:^
        version: link:../compiler
      '@nazare/core':
        specifier: workspace:^
        version: link:../core
      '@nazare/registry':
        specifier: workspace:^
        version: link:../registry

  packages/compiler:
    dependencies:
      '@nazare/core':
        specifier: workspace:^
        version: link:../core
      '@shopify/liquid-html-parser':
        specifier: ^2.9.2
        version: 2.9.2
      postcss:
        specifier: ^8.5.17
        version: 8.5.17
      postcss-selector-parser:
        specifier: ^7.1.4
        version: 7.1.4
      typescript:
        specifier: ^5.5.0
        version: 5.9.3

  packages/core: {}

  packages/registry:
    dependencies:
      '@nazare/core':
        specifier: workspace:^
        version: link:../core

packages:

  '@shopify/liquid-html-parser@2.9.2':
    resolution: {integrity: sha512-2XJYqHaZxEBwuufGhzIZ0M6m9YA4HS7YlVOiZtYanFgkmoQeJm1c0JhKcuCXU5C1pc2M0rt1XzBX8SgWv7l8Ww==}

  '@types/node@26.1.1':
    resolution: {integrity: sha512-nxAkRSVkN1Y0JC1W8ky/fTfkGsMmcrRsbx+3XoZE+rMOX71kLYTV7fLXpqud1GpbpP5TuffXFqfX7fH2GgZREw==}

  cssesc@3.0.0:
    resolution: {integrity: sha512-/Tb/JcjK111nNScGob5MNtsntNM1aCNUDipB/TkwZFhyDrrE47SOx/18wF2bbjgc3ZzCSKW1T5nt5EbFoAz/Vg==}
    engines: {node: '>=4'}
    hasBin: true

  isarray@1.0.0:
    resolution: {integrity: sha512-VLghIWNM6ELQzo7zwmcg0NmTVyWKYjvIeM83yjp0wRDTmUnrM678fQbcKBo6n2CJEF0szoG//ytg+TKla89ALQ==}

  isobject@2.1.0:
    resolution: {integrity: sha512-+OUdGJlgjOBZDfxnDjYYG6zp487z0JGNQq3cYQYg5f5hKR+syHMsaztzGeml/4kGG55CSpKSpWTY+jYGgsHLgA==}
    engines: {node: '>=0.10.0'}

  line-column@1.0.2:
    resolution: {integrity: sha512-Ktrjk5noGYlHsVnYWh62FLVs4hTb8A3e+vucNZMgPeAOITdshMSgv4cCZQeRDjm7+goqmo6+liZwTXo+U3sVww==}

  nanoid@3.3.16:
    resolution: {integrity: sha512-bzlKTyNJ7+LdGIIwy8ijFpIqEQIvafahV7eYykJ8Cvh42EdJeODoJ6gUJXpQJvej1BddH8OqTXZNE/KfbWAu8Q==}
    engines: {node: ^10 || ^12 || ^13.7 || ^14 || >=15.0.1}
    hasBin: true

  ohm-js@17.5.0:
    resolution: {integrity: sha512-l4Sa7026+6jsvYbt0PXKmL+f+ML32fD++IznLgxDhx2t9Cx6NC7zwRqblCujPHGGmkQerHoeBzRutdxaw/S72g==}
    engines: {node: '>=0.12.1'}

  picocolors@1.1.1:
    resolution: {integrity: sha512-xceH2snhtb5M9liqDsmEw56le376mTZkEX/jEb/RxNFyegNul7eNslCXP9FDj/Lcu0X8KEyMceP2ntpaHrDEVA==}

  postcss-selector-parser@7.1.4:
    resolution: {integrity: sha512-HeP7D2wyhkR+XaK6v4W8oRF62Dsz4flyuczALJp61GckGm42u1saSSJ/0auvcBqxs3jMRFEcPK34At/0JBKdOg==}
    engines: {node: '>=4'}

  postcss@8.5.17:
    resolution: {integrity: sha512-J7EF+8X+CzRPaJPOv9Ck2wNWJvGnnl3PcNPAdGg6GTLjyVpyQ0yATMSXRFRV01BviT/9Gwuc3rjEyJbDJG9a4w==}
    engines: {node: ^10 || ^12 || >=14}

  postgres@3.4.9:
    resolution: {integrity: sha512-GD3qdB0x1z9xgFI6cdRD6xu2Sp2WCOEoe3mtnyB5Ee0XrrL5Pe+e4CCnJrRMnL1zYtRDZmQQVbvOttLnKDLnaw==}
    engines: {node: '>=12'}

  source-map-js@1.2.1:
    resolution: {integrity: sha512-UXWMKhLOwVKb728IUtQPXxfYU+usdybtUrK/8uGE8CQMvrhOpwvzDBwj0QhSL7MQc7vIsISBG8VQ8+IDQxpfQA==}
    engines: {node: '>=0.10.0'}

  typescript@5.9.3:
    resolution: {integrity: sha512-jl1vZzPDinLr9eUt3J/t7V6FgNEw9QjvBPdysz9KfQDD41fQrC2Y4vKQdiaUpFT4bXlb1RHhLpp8wtm6M5TgSw==}
    engines: {node: '>=14.17'}
    hasBin: true

  undici-types@8.3.0:
    resolution: {integrity: sha512-j375ScV60dom+YkPFIfTLcOiPxkN/buHz5GobjLhixFuANaNs3C9l4GmrWqejgXWJ7BbJcFYpTEUkS1Ge8bpZQ==}

  util-deprecate@1.0.2:
    resolution: {integrity: sha512-EPD5q1uXyFxJpCrLnCc1nHnq3gOa6DZBocAIiI2TaSCA7VCJ1UJDMagCzIkXNsUYfD1daK//LTEQ8xiIbrHtcw==}

snapshots:

  '@shopify/liquid-html-parser@2.9.2':
    dependencies:
      line-column: 1.0.2
      ohm-js: 17.5.0

  '@types/node@26.1.1':
    dependencies:
      undici-types: 8.3.0

  cssesc@3.0.0: {}

  isarray@1.0.0: {}

  isobject@2.1.0:
    dependencies:
      isarray: 1.0.0

  line-column@1.0.2:
    dependencies:
      isarray: 1.0.0
      isobject: 2.1.0

  nanoid@3.3.16: {}

  ohm-js@17.5.0: {}

  picocolors@1.1.1: {}

  postcss-selector-parser@7.1.4:
    dependencies:
      cssesc: 3.0.0
      util-deprecate: 1.0.2

  postcss@8.5.17:
    dependencies:
      nanoid: 3.3.16
      picocolors: 1.1.1
      source-map-js: 1.2.1

  postgres@3.4.9: {}

  source-map-js@1.2.1: {}

  typescript@5.9.3: {}

  undici-types@8.3.0: {}

  util-deprecate@1.0.2: {}
