lockfileVersion: '9.0'

settings:
  autoInstallPeers: true
  excludeLinksFromLockfile: false

importers:

  .:
    devDependencies:
      typescript:
        specifier: ^5.5.0
        version: 5.9.3

  apps/registry-api:
    dependencies:
      '@nazare/core':
        specifier: workspace:*
        version: link:../../packages/core

  packages/cli-client: {}

  packages/cli-dev: {}

  packages/compiler:
    dependencies:
      '@nazare/core':
        specifier: workspace:^
        version: link:../core
      '@shopify/liquid-html-parser':
        specifier: ^2.9.2
        version: 2.9.2

  packages/core: {}

packages:

  '@shopify/liquid-html-parser@2.9.2':
    resolution: {integrity: sha512-2XJYqHaZxEBwuufGhzIZ0M6m9YA4HS7YlVOiZtYanFgkmoQeJm1c0JhKcuCXU5C1pc2M0rt1XzBX8SgWv7l8Ww==}

  isarray@1.0.0:
    resolution: {integrity: sha512-VLghIWNM6ELQzo7zwmcg0NmTVyWKYjvIeM83yjp0wRDTmUnrM678fQbcKBo6n2CJEF0szoG//ytg+TKla89ALQ==}

  isobject@2.1.0:
    resolution: {integrity: sha512-+OUdGJlgjOBZDfxnDjYYG6zp487z0JGNQq3cYQYg5f5hKR+syHMsaztzGeml/4kGG55CSpKSpWTY+jYGgsHLgA==}
    engines: {node: '>=0.10.0'}

  line-column@1.0.2:
    resolution: {integrity: sha512-Ktrjk5noGYlHsVnYWh62FLVs4hTb8A3e+vucNZMgPeAOITdshMSgv4cCZQeRDjm7+goqmo6+liZwTXo+U3sVww==}

  ohm-js@17.5.0:
    resolution: {integrity: sha512-l4Sa7026+6jsvYbt0PXKmL+f+ML32fD++IznLgxDhx2t9Cx6NC7zwRqblCujPHGGmkQerHoeBzRutdxaw/S72g==}
    engines: {node: '>=0.12.1'}

  typescript@5.9.3:
    resolution: {integrity: sha512-jl1vZzPDinLr9eUt3J/t7V6FgNEw9QjvBPdysz9KfQDD41fQrC2Y4vKQdiaUpFT4bXlb1RHhLpp8wtm6M5TgSw==}
    engines: {node: '>=14.17'}
    hasBin: true

snapshots:

  '@shopify/liquid-html-parser@2.9.2':
    dependencies:
      line-column: 1.0.2
      ohm-js: 17.5.0

  isarray@1.0.0: {}

  isobject@2.1.0:
    dependencies:
      isarray: 1.0.0

  line-column@1.0.2:
    dependencies:
      isarray: 1.0.0
      isobject: 2.1.0

  ohm-js@17.5.0: {}

  typescript@5.9.3: {}
