lockfileVersion: '9.0'

settings:
  autoInstallPeers: true
  excludeLinksFromLockfile: false

patchedDependencies:
  tree-sitter@0.21.1:
    hash: 67f64f388cd0aff00cf1198ae701800a8e790f5a366d317f3a0d835187ac2c57
    path: patches/tree-sitter@0.21.1.patch

importers:

  .:
    devDependencies:
      '@types/node':
        specifier: ^26.1.1
        version: 26.1.1
      typescript:
        specifier: ^5.5.0
        version: 5.9.3

  apps/registry-api:
    dependencies:
      '@nazare/registry':
        specifier: workspace:*
        version: link:../../packages/registry
      postgres:
        specifier: ^3.4.5
        version: 3.4.9

  packages/registry: {}

  packages/theme-intelligence:
    dependencies:
      acorn:
        specifier: ^8.15.0
        version: 8.18.0
      acorn-walk:
        specifier: ^8.3.4
        version: 8.3.5
      graphql:
        specifier: ^16.11.0
        version: 16.14.2
      jsonc-parser:
        specifier: ^3.3.1
        version: 3.3.1
      node-addon-api:
        specifier: ^8.0.0
        version: 8.9.0
      node-gyp-build:
        specifier: ^4.8.1
        version: 4.8.4
      postcss:
        specifier: ^8.5.17
        version: 8.5.17
      postcss-scss:
        specifier: ^4.0.9
        version: 4.0.9(postcss@8.5.17)
      tree-sitter:
        specifier: 0.21.1
        version: 0.21.1(patch_hash=67f64f388cd0aff00cf1198ae701800a8e790f5a366d317f3a0d835187ac2c57)
      tree-sitter-html:
        specifier: 0.23.2
        version: 0.23.2(tree-sitter@0.21.1(patch_hash=67f64f388cd0aff00cf1198ae701800a8e790f5a366d317f3a0d835187ac2c57))

packages:

  '@types/node@26.1.1':
    resolution: {integrity: sha512-nxAkRSVkN1Y0JC1W8ky/fTfkGsMmcrRsbx+3XoZE+rMOX71kLYTV7fLXpqud1GpbpP5TuffXFqfX7fH2GgZREw==}

  acorn-walk@8.3.5:
    resolution: {integrity: sha512-HEHNfbars9v4pgpW6SO1KSPkfoS0xVOM/9UzkJltjlsHZmJasxg8aXkuZa7SMf8vKGIBhpUsPluQSqhJFCqebw==}
    engines: {node: '>=0.4.0'}

  acorn@8.18.0:
    resolution: {integrity: sha512-lGq+9yr1/GuAWaVYIHRjvvySG5/4VfKIvC8EWxStPdcDh/Ka7FG3twP6v4d5BkravUilhIAsG4Qj83t02LWUPQ==}
    engines: {node: '>=0.4.0'}
    hasBin: true

  graphql@16.14.2:
    resolution: {integrity: sha512-Chq1s4CY7jmh8gO2qvLIJyfCDIN+EHLFW/9iShnp1z8FjBQMoodWP1kDC36VAMXXIvAjj4ARa7ntfAV2BrjsbA==}
    engines: {node: ^12.22.0 || ^14.16.0 || ^16.0.0 || >=17.0.0}

  jsonc-parser@3.3.1:
    resolution: {integrity: sha512-HUgH65KyejrUFPvHFPbqOY0rsFip3Bo5wb4ngvdi1EpCYWUQDC5V+Y7mZws+DLkr4M//zQJoanu1SP+87Dv1oQ==}

  nanoid@3.3.16:
    resolution: {integrity: sha512-bzlKTyNJ7+LdGIIwy8ijFpIqEQIvafahV7eYykJ8Cvh42EdJeODoJ6gUJXpQJvej1BddH8OqTXZNE/KfbWAu8Q==}
    engines: {node: ^10 || ^12 || ^13.7 || ^14 || >=15.0.1}
    hasBin: true

  node-addon-api@8.9.0:
    resolution: {integrity: sha512-ekZMeaaIzSQTSpr7X2X3iJM7lTzgnx8ahAG9pJfT/7+14mlEM8ZYQ9cgCDvSSRbReFK0oHli3WrZdCiRsgAT9Q==}
    engines: {node: ^18 || ^20 || >= 21}

  node-gyp-build@4.8.4:
    resolution: {integrity: sha512-LA4ZjwlnUblHVgq0oBF3Jl/6h/Nvs5fzBLwdEF4nuxnFdsfajde4WfxtJr3CaiH+F6ewcIB/q4jQ4UzPyid+CQ==}
    hasBin: true

  picocolors@1.1.1:
    resolution: {integrity: sha512-xceH2snhtb5M9liqDsmEw56le376mTZkEX/jEb/RxNFyegNul7eNslCXP9FDj/Lcu0X8KEyMceP2ntpaHrDEVA==}

  postcss-scss@4.0.9:
    resolution: {integrity: sha512-AjKOeiwAitL/MXxQW2DliT28EKukvvbEWx3LBmJIRN8KfBGZbRTxNYW0kSqi1COiTZ57nZ9NW06S6ux//N1c9A==}
    engines: {node: '>=12.0'}
    peerDependencies:
      postcss: ^8.4.29

  postcss@8.5.17:
    resolution: {integrity: sha512-J7EF+8X+CzRPaJPOv9Ck2wNWJvGnnl3PcNPAdGg6GTLjyVpyQ0yATMSXRFRV01BviT/9Gwuc3rjEyJbDJG9a4w==}
    engines: {node: ^10 || ^12 || >=14}

  postgres@3.4.9:
    resolution: {integrity: sha512-GD3qdB0x1z9xgFI6cdRD6xu2Sp2WCOEoe3mtnyB5Ee0XrrL5Pe+e4CCnJrRMnL1zYtRDZmQQVbvOttLnKDLnaw==}
    engines: {node: '>=12'}

  source-map-js@1.2.1:
    resolution: {integrity: sha512-UXWMKhLOwVKb728IUtQPXxfYU+usdybtUrK/8uGE8CQMvrhOpwvzDBwj0QhSL7MQc7vIsISBG8VQ8+IDQxpfQA==}
    engines: {node: '>=0.10.0'}

  tree-sitter-html@0.23.2:
    resolution: {integrity: sha512-TN+l+7cCeLx9db/1RhRSqMAZO/266Oh2BHb8J8hMSSFLuzYvFTYP/UnD3S0mny5awzw05KzFNgu2vnwzN9wVJg==}
    peerDependencies:
      tree-sitter: ^0.21.1
    peerDependenciesMeta:
      tree-sitter:
        optional: true

  tree-sitter@0.21.1:
    resolution: {integrity: sha512-7dxoA6kYvtgWw80265MyqJlkRl4yawIjO7S5MigytjELkX43fV2WsAXzsNfO7sBpPPCF5Gp0+XzHk0DwLCq3xQ==}

  typescript@5.9.3:
    resolution: {integrity: sha512-jl1vZzPDinLr9eUt3J/t7V6FgNEw9QjvBPdysz9KfQDD41fQrC2Y4vKQdiaUpFT4bXlb1RHhLpp8wtm6M5TgSw==}
    engines: {node: '>=14.17'}
    hasBin: true

  undici-types@8.3.0:
    resolution: {integrity: sha512-j375ScV60dom+YkPFIfTLcOiPxkN/buHz5GobjLhixFuANaNs3C9l4GmrWqejgXWJ7BbJcFYpTEUkS1Ge8bpZQ==}

snapshots:

  '@types/node@26.1.1':
    dependencies:
      undici-types: 8.3.0

  acorn-walk@8.3.5:
    dependencies:
      acorn: 8.18.0

  acorn@8.18.0: {}

  graphql@16.14.2: {}

  jsonc-parser@3.3.1: {}

  nanoid@3.3.16: {}

  node-addon-api@8.9.0: {}

  node-gyp-build@4.8.4: {}

  picocolors@1.1.1: {}

  postcss-scss@4.0.9(postcss@8.5.17):
    dependencies:
      postcss: 8.5.17

  postcss@8.5.17:
    dependencies:
      nanoid: 3.3.16
      picocolors: 1.1.1
      source-map-js: 1.2.1

  postgres@3.4.9: {}

  source-map-js@1.2.1: {}

  tree-sitter-html@0.23.2(tree-sitter@0.21.1(patch_hash=67f64f388cd0aff00cf1198ae701800a8e790f5a366d317f3a0d835187ac2c57)):
    dependencies:
      node-addon-api: 8.9.0
      node-gyp-build: 4.8.4
    optionalDependencies:
      tree-sitter: 0.21.1(patch_hash=67f64f388cd0aff00cf1198ae701800a8e790f5a366d317f3a0d835187ac2c57)

  tree-sitter@0.21.1(patch_hash=67f64f388cd0aff00cf1198ae701800a8e790f5a366d317f3a0d835187ac2c57):
    dependencies:
      node-addon-api: 8.9.0
      node-gyp-build: 4.8.4

  typescript@5.9.3: {}

  undici-types@8.3.0: {}
